{
    "_readme": [
        "This file locks the dependencies of your project to a known state",
        "Read more about it at https://getcomposer.org/doc/01-basic-usage.md#installing-dependencies",
        "This file is @generated automatically"
    ],
    "content-hash": "e9c0a52fdc0d9ea934a4030d670c0e0a",
    "packages": [],
    "packages-dev": [],
    "aliases": [],
    "minimum-stability": "stable",
    "stability-flags": [],
    "prefer-stable": false,
    "prefer-lowest": false,
    "platform": {
        "php": ">=8.1",
        "ext-simplexml": "*",
        "ext-dom": "*",
        "ext-libxml": "*",
        "ext-json": "*",
        "ext-ctype": "*",
        "ext-filter": "*"
    },
    "platform-dev": [],
    "plugin-api-version": "2.6.0"
}
